
Microsoft Visual Studio Solution File, Format Version 12.00
# Visual Studio Version 17
VisualStudioVersion = 17.13.35806.99 d17.13
MinimumVisualStudioVersion = 10.0.40219.1
Project("{FAE04EC0-301F-11D3-BF4B-00C04F79EFBC}") = "BioInfoFallstudie3", "BioInfoFallstudie3\BioInfoFallstudie3.csproj", "{E60FFE36-232B-4BD3-B063-DE1804F8C55A}"
EndProject
Global
	GlobalSection(SolutionConfigurationPlatforms) = preSolution
		Debug|Any CPU = Debug|Any CPU
		Release|Any CPU = Release|Any CPU
	EndGlobalSection
	GlobalSection(ProjectConfigurationPlatforms) = postSolution
		{E60FFE36-232B-4BD3-B063-DE1804F8C55A}.Debug|Any CPU.ActiveCfg = Debug|Any CPU
		{E60FFE36-232B-4BD3-B063-DE1804F8C55A}.Debug|Any CPU.Build.0 = Debug|Any CPU
		{E60FFE36-232B-4BD3-B063-DE1804F8C55A}.Release|Any CPU.ActiveCfg = Release|Any CPU
		{E60FFE36-232B-4BD3-B063-DE1804F8C55A}.Release|Any CPU.Build.0 = Release|Any CPU
	EndGlobalSection
	GlobalSection(SolutionProperties) = preSolution
		HideSolutionNode = FALSE
	EndGlobalSection
	GlobalSection(ExtensibilityGlobals) = postSolution
		SolutionGuid = {CAD7B7E3-1776-4304-9088-AD3FAFD5C71E}
	EndGlobalSection
EndGlobal
